
Microsoft Visual Studio Solution File, Format Version 12.00
# Visual Studio Version 17
VisualStudioVersion = 17.14.36414.22
MinimumVisualStudioVersion = 10.0.40219.1
Project("{FAE04EC0-301F-11D3-BF4B-00C04F79EFBC}") = "LLMModlesWithDotnet", "LLMModlesWithDotnet\LLMModlesWithDotnet.csproj", "{E86DB079-1C89-3541-8C13-D2DA96682D47}"
EndProject
Project("{FAE04EC0-301F-11D3-BF4B-00C04F79EFBC}") = "FancyMCP", "FancyMCP\FancyMCP.csproj", "{2C352FA8-A193-4569-8FA2-B144D438F894}"
EndProject
Project("{2150E333-8FDC-42A3-9474-1A3956D46DE8}") = "SampleAPIs", "SampleAPIs", "{D690C603-41B8-A5B4-0403-2A84ADED5F09}"
EndProject
Project("{FAE04EC0-301F-11D3-BF4B-00C04F79EFBC}") = "SampleWebAPI", "SampleAPIs\SampleWebAPI\SampleWebAPI.csproj", "{C8D70AE8-2376-401F-9668-A5C4438C0D2A}"
EndProject
Global
	GlobalSection(SolutionConfigurationPlatforms) = preSolution
		Debug|Any CPU = Debug|Any CPU
		Debug|x64 = Debug|x64
		Debug|x86 = Debug|x86
		Release|Any CPU = Release|Any CPU
		Release|x64 = Release|x64
		Release|x86 = Release|x86
	EndGlobalSection
	GlobalSection(ProjectConfigurationPlatforms) = postSolution
		{E86DB079-1C89-3541-8C13-D2DA96682D47}.Debug|Any CPU.ActiveCfg = Debug|Any CPU
		{E86DB079-1C89-3541-8C13-D2DA96682D47}.Debug|Any CPU.Build.0 = Debug|Any CPU
		{E86DB079-1C89-3541-8C13-D2DA96682D47}.Debug|x64.ActiveCfg = Debug|Any CPU
		{E86DB079-1C89-3541-8C13-D2DA96682D47}.Debug|x64.Build.0 = Debug|Any CPU
		{E86DB079-1C89-3541-8C13-D2DA96682D47}.Debug|x86.ActiveCfg = Debug|Any CPU
		{E86DB079-1C89-3541-8C13-D2DA96682D47}.Debug|x86.Build.0 = Debug|Any CPU
		{E86DB079-1C89-3541-8C13-D2DA96682D47}.Release|Any CPU.ActiveCfg = Release|Any CPU
		{E86DB079-1C89-3541-8C13-D2DA96682D47}.Release|Any CPU.Build.0 = Release|Any CPU
		{E86DB079-1C89-3541-8C13-D2DA96682D47}.Release|x64.ActiveCfg = Release|Any CPU
		{E86DB079-1C89-3541-8C13-D2DA96682D47}.Release|x64.Build.0 = Release|Any CPU
		{E86DB079-1C89-3541-8C13-D2DA96682D47}.Release|x86.ActiveCfg = Release|Any CPU
		{E86DB079-1C89-3541-8C13-D2DA96682D47}.Release|x86.Build.0 = Release|Any CPU
		{2C352FA8-A193-4569-8FA2-B144D438F894}.Debug|Any CPU.ActiveCfg = Debug|Any CPU
		{2C352FA8-A193-4569-8FA2-B144D438F894}.Debug|Any CPU.Build.0 = Debug|Any CPU
		{2C352FA8-A193-4569-8FA2-B144D438F894}.Debug|x64.ActiveCfg = Debug|Any CPU
		{2C352FA8-A193-4569-8FA2-B144D438F894}.Debug|x64.Build.0 = Debug|Any CPU
		{2C352FA8-A193-4569-8FA2-B144D438F894}.Debug|x86.ActiveCfg = Debug|Any CPU
		{2C352FA8-A193-4569-8FA2-B144D438F894}.Debug|x86.Build.0 = Debug|Any CPU
		{2C352FA8-A193-4569-8FA2-B144D438F894}.Release|Any CPU.ActiveCfg = Release|Any CPU
		{2C352FA8-A193-4569-8FA2-B144D438F894}.Release|Any CPU.Build.0 = Release|Any CPU
		{2C352FA8-A193-4569-8FA2-B144D438F894}.Release|x64.ActiveCfg = Release|Any CPU
		{2C352FA8-A193-4569-8FA2-B144D438F894}.Release|x64.Build.0 = Release|Any CPU
		{2C352FA8-A193-4569-8FA2-B144D438F894}.Release|x86.ActiveCfg = Release|Any CPU
		{2C352FA8-A193-4569-8FA2-B144D438F894}.Release|x86.Build.0 = Release|Any CPU
		{C8D70AE8-2376-401F-9668-A5C4438C0D2A}.Debug|Any CPU.ActiveCfg = Debug|Any CPU
		{C8D70AE8-2376-401F-9668-A5C4438C0D2A}.Debug|Any CPU.Build.0 = Debug|Any CPU
		{C8D70AE8-2376-401F-9668-A5C4438C0D2A}.Debug|x64.ActiveCfg = Debug|Any CPU
		{C8D70AE8-2376-401F-9668-A5C4438C0D2A}.Debug|x64.Build.0 = Debug|Any CPU
		{C8D70AE8-2376-401F-9668-A5C4438C0D2A}.Debug|x86.ActiveCfg = Debug|Any CPU
		{C8D70AE8-2376-401F-9668-A5C4438C0D2A}.Debug|x86.Build.0 = Debug|Any CPU
		{C8D70AE8-2376-401F-9668-A5C4438C0D2A}.Release|Any CPU.ActiveCfg = Release|Any CPU
		{C8D70AE8-2376-401F-9668-A5C4438C0D2A}.Release|Any CPU.Build.0 = Release|Any CPU
		{C8D70AE8-2376-401F-9668-A5C4438C0D2A}.Release|x64.ActiveCfg = Release|Any CPU
		{C8D70AE8-2376-401F-9668-A5C4438C0D2A}.Release|x64.Build.0 = Release|Any CPU
		{C8D70AE8-2376-401F-9668-A5C4438C0D2A}.Release|x86.ActiveCfg = Release|Any CPU
		{C8D70AE8-2376-401F-9668-A5C4438C0D2A}.Release|x86.Build.0 = Release|Any CPU
	EndGlobalSection
	GlobalSection(SolutionProperties) = preSolution
		HideSolutionNode = FALSE
	EndGlobalSection
	GlobalSection(NestedProjects) = preSolution
		{C8D70AE8-2376-401F-9668-A5C4438C0D2A} = {D690C603-41B8-A5B4-0403-2A84ADED5F09}
	EndGlobalSection
	GlobalSection(ExtensibilityGlobals) = postSolution
		SolutionGuid = {EB99407B-37F0-4D3C-8E1A-68F2B1E7B579}
	EndGlobalSection
EndGlobal
